{
  "name": "miniprogram",
  "version": "1.0.0",
  "lockfileVersion": 1,
  "requires": true,
  "dependencies": {
    "vant-weapp": {
      "version": "0.5.7",
      "resolved": "https://registry.npmjs.org/vant-weapp/-/vant-weapp-0.5.7.tgz",
      "integrity": "sha512-YPMOvOPfVKz7i2CtW7MDDgfInp/U4AWpuJ3wBJN7N+ML9T2cUyfbqd3f9ja77DPNKv2yiL65DbiVzMKudGg8Rw=="
    },
    "wxa-plugin-canvas": {
      "version": "1.1.11",
      "resolved": "https://registry.npmjs.org/wxa-plugin-canvas/-/wxa-plugin-canvas-1.1.11.tgz",
      "integrity": "sha512-xcEVfJZJoFwaxKWB9tjcU+IzZ1hHkFGRXccddWya10EoGM4ljKh3yeKdheS6eTV8Xu37zciMUYXXINn6R2Km/g=="
    }
  }
}
